{
  "name": "@sponsorcoin/spcoin-access-modules",
  "version": "1.0.16",
  "lockfileVersion": 3,
  "requires": true,
  "packages": {
    "": {
      "name": "@sponsorcoin/spcoin-access-modules",
      "version": "1.0.16",
      "license": "ISC",
      "dependencies": {
        "@sponsorcoin/spcoin-access-modules": "^1.0.15"
      }
    },
    "node_modules/@sponsorcoin/spcoin-access-modules": {
      "version": "1.0.15",
      "resolved": "https://registry.npmjs.org/@sponsorcoin/spcoin-access-modules/-/spcoin-access-modules-1.0.15.tgz",
      "integrity": "sha512-riTtJZIbWTjKiamEg9wXL5vzPoLsbbB5+4lJsxARQPjCN5LgOq//ulsltonjgYoeGJgWt5gyaogjhYMC/IAtIA=="
    }
  }
}
